# Generated by pub
# See https://dart.dev/tools/pub/glossary#lockfile
packages:
  _flutterfire_internals:
    dependency: transitive
    description:
      name: _flutterfire_internals
      sha256: bda3b7b55958bfd867addc40d067b4b11f7b8846d57671f5b5a6e7f9a56fe3ad
      url: "https://pub.dev"
    source: hosted
    version: "1.3.69"
  args:
    dependency: transitive
    description:
      name: args
      sha256: d0481093c50b1da8910eb0bb301626d4d8eb7284aa739614d2b394ee09e3ea04
      url: "https://pub.dev"
    source: hosted
    version: "2.7.0"
  async:
    dependency: transitive
    description:
      name: async
      sha256: e2eb0491ba5ddb6177742d2da23904574082139b07c1e33b8503b9f46f3e1a37
      url: "https://pub.dev"
    source: hosted
    version: "2.13.1"
  auto_translator:
    dependency: "direct dev"
    description:
      name: auto_translator
      sha256: df1d1214d5654e59791b6520dfd12844048db28a656b7b2f63be936736a87f49
      url: "https://pub.dev"
    source: hosted
    version: "2.3.5"
  boolean_selector:
    dependency: transitive
    description:
      name: boolean_selector
      sha256: "8aab1771e1243a5063b8b0ff68042d67334e3feab9e95b9490f9a6ebf73b42ea"
      url: "https://pub.dev"
    source: hosted
    version: "2.1.2"
  characters:
    dependency: transitive
    description:
      name: characters
      sha256: f71061c654a3380576a52b451dd5532377954cf9dbd272a78fc8479606670803
      url: "https://pub.dev"
    source: hosted
    version: "1.4.0"
  circle_flags:
    dependency: transitive
    description:
      name: circle_flags
      sha256: "22268452bb0c0146251c01969e9b85dd36c76e13bd13f543bd0af8b7b334c181"
      url: "https://pub.dev"
    source: hosted
    version: "5.0.1"
  clock:
    dependency: transitive
    description:
      name: clock
      sha256: fddb70d9b5277016c77a80201021d40a2247104d9f4aa7bab7157b7e3f05b84b
      url: "https://pub.dev"
    source: hosted
    version: "1.1.2"
  cloud_firestore:
    dependency: "direct main"
    description:
      name: cloud_firestore
      sha256: "3ac242332166ae5037bd87bc343744bb96d88d7b13f791492b00958ce5cc6c63"
      url: "https://pub.dev"
    source: hosted
    version: "6.3.0"
  cloud_firestore_platform_interface:
    dependency: transitive
    description:
      name: cloud_firestore_platform_interface
      sha256: "1bd08b736e1015e8bf5448f5ef67b2087a2380c2c1c7972f8403c1c7b41f5359"
      url: "https://pub.dev"
    source: hosted
    version: "7.2.0"
  cloud_firestore_web:
    dependency: transitive
    description:
      name: cloud_firestore_web
      sha256: "18617275ffa2331d3ea058c515ef218bcce2ae13a14bee922563ca6ae2507c26"
      url: "https://pub.dev"
    source: hosted
    version: "5.3.0"
  collection:
    dependency: transitive
    description:
      name: collection
      sha256: "2f5709ae4d3d59dd8f7cd309b4e023046b57d8a6c82130785d2b0e5868084e76"
      url: "https://pub.dev"
    source: hosted
    version: "1.19.1"
  diacritic:
    dependency: transitive
    description:
      name: diacritic
      sha256: "12981945ec38931748836cd76f2b38773118d0baef3c68404bdfde9566147876"
      url: "https://pub.dev"
    source: hosted
    version: "0.1.6"
  fake_async:
    dependency: transitive
    description:
      name: fake_async
      sha256: "5368f224a74523e8d2e7399ea1638b37aecfca824a3cc4dfdf77bf1fa905ac44"
      url: "https://pub.dev"
    source: hosted
    version: "1.3.3"
  fancy_password_field:
    dependency: "direct main"
    description:
      name: fancy_password_field
      sha256: ff2bd9daecfc09d00c978657642774d11320020678e589bdb5469b5079385448
      url: "https://pub.dev"
    source: hosted
    version: "2.0.8"
  firebase_core:
    dependency: transitive
    description:
      name: firebase_core
      sha256: d5a94b884dcb1e6d3430298e94bfe002238094cdfd5e29202d536ee2120f9158
      url: "https://pub.dev"
    source: hosted
    version: "4.7.0"
  firebase_core_platform_interface:
    dependency: transitive
    description:
      name: firebase_core_platform_interface
      sha256: "0ecda14c1bfc9ed8cac303dd0f8d04a320811b479362a9a4efb14fd331a473ce"
      url: "https://pub.dev"
    source: hosted
    version: "6.0.3"
  firebase_core_web:
    dependency: transitive
    description:
      name: firebase_core_web
      sha256: dc5096257cd67292d34d78ceeb90836f02a4be921b5f3934311a02bb2376118c
      url: "https://pub.dev"
    source: hosted
    version: "3.6.0"
  firebase_storage:
    dependency: "direct main"
    description:
      name: firebase_storage
      sha256: "825a5a64addc66b57a2e793b5e40343d1364e8b5a2a0d7e6cfc116ae9c021fbd"
      url: "https://pub.dev"
    source: hosted
    version: "13.3.0"
  firebase_storage_platform_interface:
    dependency: transitive
    description:
      name: firebase_storage_platform_interface
      sha256: f910990a2fed456756bdce72ea58e86b4b3f8da4706ac7fe0d3b15ac3dffc0f0
      url: "https://pub.dev"
    source: hosted
    version: "5.2.20"
  firebase_storage_web:
    dependency: transitive
    description:
      name: firebase_storage_web
      sha256: "80abcaca8e39c594b97a92099e5ac66787638cd3c5f85b663deb29e10820f00a"
      url: "https://pub.dev"
    source: hosted
    version: "3.11.5"
  flutter:
    dependency: "direct main"
    description: flutter
    source: sdk
    version: "0.0.0"
  flutter_country_selector:
    dependency: transitive
    description:
      name: flutter_country_selector
      sha256: "92d7ae9092ba492bfb0ffe5cd6b38c941261b56e81941d73a0a963fdf5fcf8f6"
      url: "https://pub.dev"
    source: hosted
    version: "1.0.19"
  flutter_libphonenumber:
    dependency: "direct main"
    description:
      name: flutter_libphonenumber
      sha256: f3cafc1b9a6f9a70f41417cf11e551f98229b228a1bc37be554df544c4014284
      url: "https://pub.dev"
    source: hosted
    version: "2.7.0"
  flutter_libphonenumber_android:
    dependency: transitive
    description:
      name: flutter_libphonenumber_android
      sha256: fd83952aacf392005400de5b7ba1e7ac5286fd84afbfbe0bb815bfa99e655044
      url: "https://pub.dev"
    source: hosted
    version: "2.0.0"
  flutter_libphonenumber_darwin:
    dependency: transitive
    description:
      name: flutter_libphonenumber_darwin
      sha256: "3379477597c12682ee9cd9ae40589e831ce46ce1c766729cc50e0b4d7dbd8757"
      url: "https://pub.dev"
    source: hosted
    version: "2.1.0"
  flutter_libphonenumber_platform_interface:
    dependency: transitive
    description:
      name: flutter_libphonenumber_platform_interface
      sha256: "9de1bd623103aefe1cb892693f85f6b2d2979ab9e6cce5d452ba10aa61ed41ed"
      url: "https://pub.dev"
    source: hosted
    version: "2.1.0"
  flutter_libphonenumber_web:
    dependency: transitive
    description:
      name: flutter_libphonenumber_web
      sha256: "3b5be4d5325e8d670f241f02a11d4bf9fd832cb5460d6b6a6926b38861b5881f"
      url: "https://pub.dev"
    source: hosted
    version: "1.3.0"
  flutter_localizations:
    dependency: "direct main"
    description: flutter
    source: sdk
    version: "0.0.0"
  flutter_svg:
    dependency: transitive
    description:
      name: flutter_svg
      sha256: "1ded017b39c8e15c8948ea855070a5ff8ff8b3d5e83f3446e02d6bb12add7ad9"
      url: "https://pub.dev"
    source: hosted
    version: "2.2.4"
  flutter_test:
    dependency: transitive
    description: flutter
    source: sdk
    version: "0.0.0"
  flutter_web_plugins:
    dependency: transitive
    description: flutter
    source: sdk
    version: "0.0.0"
  http:
    dependency: transitive
    description:
      name: http
      sha256: "87721a4a50b19c7f1d49001e51409bddc46303966ce89a65af4f4e6004896412"
      url: "https://pub.dev"
    source: hosted
    version: "1.6.0"
  http_parser:
    dependency: transitive
    description:
      name: http_parser
      sha256: "178d74305e7866013777bab2c3d8726205dc5a4dd935297175b19a23a2e66571"
      url: "https://pub.dev"
    source: hosted
    version: "4.1.2"
  intl:
    dependency: "direct main"
    description:
      name: intl
      sha256: "3df61194eb431efc39c4ceba583b95633a403f46c9fd341e550ce0bfa50e9aa5"
      url: "https://pub.dev"
    source: hosted
    version: "0.20.2"
  leak_tracker:
    dependency: transitive
    description:
      name: leak_tracker
      sha256: "33e2e26bdd85a0112ec15400c8cbffea70d0f9c3407491f672a2fad47915e2de"
      url: "https://pub.dev"
    source: hosted
    version: "11.0.2"
  leak_tracker_flutter_testing:
    dependency: transitive
    description:
      name: leak_tracker_flutter_testing
      sha256: "1dbc140bb5a23c75ea9c4811222756104fbcd1a27173f0c34ca01e16bea473c1"
      url: "https://pub.dev"
    source: hosted
    version: "3.0.10"
  leak_tracker_testing:
    dependency: transitive
    description:
      name: leak_tracker_testing
      sha256: "8d5a2d49f4a66b49744b23b018848400d23e54caf9463f4eb20df3eb8acb2eb1"
      url: "https://pub.dev"
    source: hosted
    version: "3.0.2"
  matcher:
    dependency: transitive
    description:
      name: matcher
      sha256: dc58c723c3c24bf8d3e2d3ad3f2f9d7bd9cf43ec6feaa64181775e60190153f2
      url: "https://pub.dev"
    source: hosted
    version: "0.12.17"
  material_color_utilities:
    dependency: transitive
    description:
      name: material_color_utilities
      sha256: f7142bb1154231d7ea5f96bc7bde4bda2a0945d2806bb11670e30b850d56bdec
      url: "https://pub.dev"
    source: hosted
    version: "0.11.1"
  meta:
    dependency: transitive
    description:
      name: meta
      sha256: "23f08335362185a5ea2ad3a4e597f1375e78bce8a040df5c600c8d3552ef2394"
      url: "https://pub.dev"
    source: hosted
    version: "1.17.0"
  mime:
    dependency: transitive
    description:
      name: mime
      sha256: "41a20518f0cb1256669420fdba0cd90d21561e560ac240f26ef8322e45bb7ed6"
      url: "https://pub.dev"
    source: hosted
    version: "2.0.0"
  password_strength:
    dependency: transitive
    description:
      name: password_strength
      sha256: "0e51e3d864e37873a1347e658147f88b66e141ee36c58e19828dc5637961e1ce"
      url: "https://pub.dev"
    source: hosted
    version: "0.2.0"
  path:
    dependency: transitive
    description:
      name: path
      sha256: "75cca69d1490965be98c73ceaea117e8a04dd21217b37b292c9ddbec0d955bc5"
      url: "https://pub.dev"
    source: hosted
    version: "1.9.1"
  path_parsing:
    dependency: transitive
    description:
      name: path_parsing
      sha256: "883402936929eac138ee0a45da5b0f2c80f89913e6dc3bf77eb65b84b409c6ca"
      url: "https://pub.dev"
    source: hosted
    version: "1.1.0"
  petitparser:
    dependency: transitive
    description:
      name: petitparser
      sha256: "91bd59303e9f769f108f8df05e371341b15d59e995e6806aefab827b58336675"
      url: "https://pub.dev"
    source: hosted
    version: "7.0.2"
  phone_form_field:
    dependency: "direct main"
    description:
      name: phone_form_field
      sha256: "9d1776041a7657a37c69c7d3c8e262c91fee8c202b81a80fac61ce0dc6bdbe98"
      url: "https://pub.dev"
    source: hosted
    version: "10.0.17"
  phone_numbers_parser:
    dependency: transitive
    description:
      name: phone_numbers_parser
      sha256: e61571432d3e7909d5c4aa77ace70059766b82ebe54018e5392d65e2ac33f03b
      url: "https://pub.dev"
    source: hosted
    version: "9.0.21"
  plugin_platform_interface:
    dependency: transitive
    description:
      name: plugin_platform_interface
      sha256: "4820fbfdb9478b1ebae27888254d445073732dae3d6ea81f0b7e06d5dedc3f02"
      url: "https://pub.dev"
    source: hosted
    version: "2.1.8"
  sky_engine:
    dependency: transitive
    description: flutter
    source: sdk
    version: "0.0.0"
  source_span:
    dependency: transitive
    description:
      name: source_span
      sha256: "56a02f1f4cd1a2d96303c0144c93bd6d909eea6bee6bf5a0e0b685edbd4c47ab"
      url: "https://pub.dev"
    source: hosted
    version: "1.10.2"
  stack_trace:
    dependency: transitive
    description:
      name: stack_trace
      sha256: "8b27215b45d22309b5cddda1aa2b19bdfec9df0e765f2de506401c071d38d1b1"
      url: "https://pub.dev"
    source: hosted
    version: "1.12.1"
  stream_channel:
    dependency: transitive
    description:
      name: stream_channel
      sha256: "969e04c80b8bcdf826f8f16579c7b14d780458bd97f56d107d3950fdbeef059d"
      url: "https://pub.dev"
    source: hosted
    version: "2.1.4"
  string_scanner:
    dependency: transitive
    description:
      name: string_scanner
      sha256: "921cd31725b72fe181906c6a94d987c78e3b98c2e205b397ea399d4054872b43"
      url: "https://pub.dev"
    source: hosted
    version: "1.4.1"
  term_glyph:
    dependency: transitive
    description:
      name: term_glyph
      sha256: "7f554798625ea768a7518313e58f83891c7f5024f88e46e7182a4558850a4b8e"
      url: "https://pub.dev"
    source: hosted
    version: "1.2.2"
  test_api:
    dependency: transitive
    description:
      name: test_api
      sha256: ab2726c1a94d3176a45960b6234466ec367179b87dd74f1611adb1f3b5fb9d55
      url: "https://pub.dev"
    source: hosted
    version: "0.7.7"
  typed_data:
    dependency: transitive
    description:
      name: typed_data
      sha256: f9049c039ebfeb4cf7a7104a675823cd72dba8297f264b6637062516699fa006
      url: "https://pub.dev"
    source: hosted
    version: "1.4.0"
  vector_graphics:
    dependency: transitive
    description:
      name: vector_graphics
      sha256: "81da85e9ca8885ade47f9685b953cb098970d11be4821ac765580a6607ea4373"
      url: "https://pub.dev"
    source: hosted
    version: "1.1.21"
  vector_graphics_codec:
    dependency: transitive
    description:
      name: vector_graphics_codec
      sha256: "99fd9fbd34d9f9a32efd7b6a6aae14125d8237b10403b422a6a6dfeac2806146"
      url: "https://pub.dev"
    source: hosted
    version: "1.1.13"
  vector_graphics_compiler:
    dependency: transitive
    description:
      name: vector_graphics_compiler
      sha256: "5a88dd14c0954a5398af544651c7fb51b457a2a556949bfb25369b210ef73a74"
      url: "https://pub.dev"
    source: hosted
    version: "1.2.0"
  vector_math:
    dependency: transitive
    description:
      name: vector_math
      sha256: d530bd74fea330e6e364cda7a85019c434070188383e1cd8d9777ee586914c5b
      url: "https://pub.dev"
    source: hosted
    version: "2.2.0"
  vm_service:
    dependency: transitive
    description:
      name: vm_service
      sha256: "046d3928e16fa4dc46e8350415661755ab759d9fc97fc21b5ab295f71e4f0499"
      url: "https://pub.dev"
    source: hosted
    version: "15.1.0"
  web:
    dependency: transitive
    description:
      name: web
      sha256: "868d88a33d8a87b18ffc05f9f030ba328ffefba92d6c127917a2ba740f9cfe4a"
      url: "https://pub.dev"
    source: hosted
    version: "1.1.1"
  xml:
    dependency: transitive
    description:
      name: xml
      sha256: "971043b3a0d3da28727e40ed3e0b5d18b742fa5a68665cca88e74b7876d5e025"
      url: "https://pub.dev"
    source: hosted
    version: "6.6.1"
  yaml:
    dependency: transitive
    description:
      name: yaml
      sha256: b9da305ac7c39faa3f030eccd175340f968459dae4af175130b3fc47e40d76ce
      url: "https://pub.dev"
    source: hosted
    version: "3.1.3"
sdks:
  dart: ">=3.9.2 <4.0.0"
  flutter: ">=3.35.0"
